
Microsoft Visual Studio Solution File, Format Version 12.00
# Visual Studio Version 17
VisualStudioVersion = 17.2.32505.173
MinimumVisualStudioVersion = 10.0.40219.1
Project("{8BC9CEB8-8B4A-11D0-8D11-00A0C91BC942}") = "DirectXEngineTest", "DirectXEngineTest.vcxproj", "{154E4C8D-C76E-4164-BB5C-4D78C4EE9090}"
EndProject
Global
	GlobalSection(SolutionConfigurationPlatforms) = preSolution
		Debug|x64 = Debug|x64
		Release|x64 = Release|x64
	EndGlobalSection
	GlobalSection(ProjectConfigurationPlatforms) = postSolution
		{154E4C8D-C76E-4164-BB5C-4D78C4EE9090}.Debug|x64.ActiveCfg = Debug|x64
		{154E4C8D-C76E-4164-BB5C-4D78C4EE9090}.Debug|x64.Build.0 = Debug|x64
		{154E4C8D-C76E-4164-BB5C-4D78C4EE9090}.Release|x64.ActiveCfg = Release|x64
		{154E4C8D-C76E-4164-BB5C-4D78C4EE9090}.Release|x64.Build.0 = Release|x64
	EndGlobalSection
	GlobalSection(SolutionProperties) = preSolution
		HideSolutionNode = FALSE
	EndGlobalSection
	GlobalSection(ExtensibilityGlobals) = postSolution
		SolutionGuid = {4D41D64B-220C-451C-AD92-A761BC652C0E}
	EndGlobalSection
EndGlobal
